
Microsoft Visual Studio Solution File, Format Version 12.00
# Visual Studio Version 16
VisualStudioVersion = 16.0.30104.148
MinimumVisualStudioVersion = 10.0.40219.1
Project("{FAE04EC0-301F-11D3-BF4B-00C04F79EFBC}") = "LsmSearchApp", "LsmSearchApp\LsmSearchApp.csproj", "{F3879083-5006-49BF-B40C-ECA211CBB5D1}"
EndProject
Global
	GlobalSection(SolutionConfigurationPlatforms) = preSolution
		Debug|Any CPU = Debug|Any CPU
		Release|Any CPU = Release|Any CPU
	EndGlobalSection
	GlobalSection(ProjectConfigurationPlatforms) = postSolution
		{F3879083-5006-49BF-B40C-ECA211CBB5D1}.Debug|Any CPU.ActiveCfg = Debug|Any CPU
		{F3879083-5006-49BF-B40C-ECA211CBB5D1}.Debug|Any CPU.Build.0 = Debug|Any CPU
		{F3879083-5006-49BF-B40C-ECA211CBB5D1}.Release|Any CPU.ActiveCfg = Release|Any CPU
		{F3879083-5006-49BF-B40C-ECA211CBB5D1}.Release|Any CPU.Build.0 = Release|Any CPU
	EndGlobalSection
	GlobalSection(SolutionProperties) = preSolution
		HideSolutionNode = FALSE
	EndGlobalSection
	GlobalSection(ExtensibilityGlobals) = postSolution
		SolutionGuid = {A600A3BE-9D38-4262-93D7-A66B083081B1}
	EndGlobalSection
EndGlobal
